
Microsoft Visual Studio Solution File, Format Version 12.00
# Visual Studio 15
VisualStudioVersion = 15.0.26124.0
MinimumVisualStudioVersion = 15.0.26124.0
Project("{9A19103F-16F7-4668-BE54-9A1E7A4F7556}") = "Word.Reverse.Kata", "Word.Reverse.Kata\Word.Reverse.Kata.csproj", "{58B7386D-6F64-46C9-BF2E-22DC4F89949A}"
EndProject
Project("{2150E333-8FDC-42A3-9474-1A3956D46DE8}") = "Katas", "Katas", "{062BE484-55A1-4C7E-AD82-BE80D9ED61AF}"
EndProject
Project("{2150E333-8FDC-42A3-9474-1A3956D46DE8}") = "Tests", "Tests", "{16C5F5DC-3562-43D1-B74D-756011A26D13}"
EndProject
Project("{9A19103F-16F7-4668-BE54-9A1E7A4F7556}") = "Brace.Matching.Kata", "Brace.Matching.Kata\Brace.Matching.Kata.csproj", "{C75FF6F6-4FC9-4457-84BD-83579C210AE8}"
EndProject
Project("{9A19103F-16F7-4668-BE54-9A1E7A4F7556}") = "Command.Pattern.Kata", "Command.Pattern.Kata\Command.Pattern.Kata.csproj", "{B9A05338-DB82-41BB-8E05-891E90B1DF1F}"
EndProject
Project("{9A19103F-16F7-4668-BE54-9A1E7A4F7556}") = "Word.Reverse.Kata.Tests", "Word.Reverse.Kata.Tests\Word.Reverse.Kata.Tests.csproj", "{B4D89CBB-5C6F-4525-98D1-4B202D6C50AE}"
EndProject
Project("{9A19103F-16F7-4668-BE54-9A1E7A4F7556}") = "Brace.Matching.Kata.Tests", "Brace.Matching.Kata.Tests\Brace.Matching.Kata.Tests.csproj", "{FE058C4B-4D35-4D1E-B165-71C1B6920C17}"
EndProject
Project("{9A19103F-16F7-4668-BE54-9A1E7A4F7556}") = "Data.Structures", "Data.Structures\Data.Structures.csproj", "{2A77AF62-F7B4-4AD1-8714-CA60FE3F073D}"
EndProject
Project("{9A19103F-16F7-4668-BE54-9A1E7A4F7556}") = "Data.Structures.Tests", "Data.Structures.Tests\Data.Structures.Tests.csproj", "{6C4BA7CE-574D-4100-909F-0ECD1FB1E678}"
EndProject
Project("{FAE04EC0-301F-11D3-BF4B-00C04F79EFBC}") = "Command.Pattern.WForm", "Command.Pattern.WForm\Command.Pattern.WForm.csproj", "{D9A766BC-6345-4503-8503-830352CB905C}"
EndProject
Global
	GlobalSection(SolutionConfigurationPlatforms) = preSolution
		Debug|Any CPU = Debug|Any CPU
		Debug|x64 = Debug|x64
		Debug|x86 = Debug|x86
		Release|Any CPU = Release|Any CPU
		Release|x64 = Release|x64
		Release|x86 = Release|x86
	EndGlobalSection
	GlobalSection(ProjectConfigurationPlatforms) = postSolution
		{58B7386D-6F64-46C9-BF2E-22DC4F89949A}.Debug|Any CPU.ActiveCfg = Debug|Any CPU
		{58B7386D-6F64-46C9-BF2E-22DC4F89949A}.Debug|Any CPU.Build.0 = Debug|Any CPU
		{58B7386D-6F64-46C9-BF2E-22DC4F89949A}.Debug|x64.ActiveCfg = Debug|Any CPU
		{58B7386D-6F64-46C9-BF2E-22DC4F89949A}.Debug|x64.Build.0 = Debug|Any CPU
		{58B7386D-6F64-46C9-BF2E-22DC4F89949A}.Debug|x86.ActiveCfg = Debug|Any CPU
		{58B7386D-6F64-46C9-BF2E-22DC4F89949A}.Debug|x86.Build.0 = Debug|Any CPU
		{58B7386D-6F64-46C9-BF2E-22DC4F89949A}.Release|Any CPU.ActiveCfg = Release|Any CPU
		{58B7386D-6F64-46C9-BF2E-22DC4F89949A}.Release|Any CPU.Build.0 = Release|Any CPU
		{58B7386D-6F64-46C9-BF2E-22DC4F89949A}.Release|x64.ActiveCfg = Release|Any CPU
		{58B7386D-6F64-46C9-BF2E-22DC4F89949A}.Release|x64.Build.0 = Release|Any CPU
		{58B7386D-6F64-46C9-BF2E-22DC4F89949A}.Release|x86.ActiveCfg = Release|Any CPU
		{58B7386D-6F64-46C9-BF2E-22DC4F89949A}.Release|x86.Build.0 = Release|Any CPU
		{C75FF6F6-4FC9-4457-84BD-83579C210AE8}.Debug|Any CPU.ActiveCfg = Debug|Any CPU
		{C75FF6F6-4FC9-4457-84BD-83579C210AE8}.Debug|Any CPU.Build.0 = Debug|Any CPU
		{C75FF6F6-4FC9-4457-84BD-83579C210AE8}.Debug|x64.ActiveCfg = Debug|Any CPU
		{C75FF6F6-4FC9-4457-84BD-83579C210AE8}.Debug|x64.Build.0 = Debug|Any CPU
		{C75FF6F6-4FC9-4457-84BD-83579C210AE8}.Debug|x86.ActiveCfg = Debug|Any CPU
		{C75FF6F6-4FC9-4457-84BD-83579C210AE8}.Debug|x86.Build.0 = Debug|Any CPU
		{C75FF6F6-4FC9-4457-84BD-83579C210AE8}.Release|Any CPU.ActiveCfg = Release|Any CPU
		{C75FF6F6-4FC9-4457-84BD-83579C210AE8}.Release|Any CPU.Build.0 = Release|Any CPU
		{C75FF6F6-4FC9-4457-84BD-83579C210AE8}.Release|x64.ActiveCfg = Release|Any CPU
		{C75FF6F6-4FC9-4457-84BD-83579C210AE8}.Release|x64.Build.0 = Release|Any CPU
		{C75FF6F6-4FC9-4457-84BD-83579C210AE8}.Release|x86.ActiveCfg = Release|Any CPU
		{C75FF6F6-4FC9-4457-84BD-83579C210AE8}.Release|x86.Build.0 = Release|Any CPU
		{B9A05338-DB82-41BB-8E05-891E90B1DF1F}.Debug|Any CPU.ActiveCfg = Debug|Any CPU
		{B9A05338-DB82-41BB-8E05-891E90B1DF1F}.Debug|Any CPU.Build.0 = Debug|Any CPU
		{B9A05338-DB82-41BB-8E05-891E90B1DF1F}.Debug|x64.ActiveCfg = Debug|Any CPU
		{B9A05338-DB82-41BB-8E05-891E90B1DF1F}.Debug|x64.Build.0 = Debug|Any CPU
		{B9A05338-DB82-41BB-8E05-891E90B1DF1F}.Debug|x86.ActiveCfg = Debug|Any CPU
		{B9A05338-DB82-41BB-8E05-891E90B1DF1F}.Debug|x86.Build.0 = Debug|Any CPU
		{B9A05338-DB82-41BB-8E05-891E90B1DF1F}.Release|Any CPU.ActiveCfg = Release|Any CPU
		{B9A05338-DB82-41BB-8E05-891E90B1DF1F}.Release|Any CPU.Build.0 = Release|Any CPU
		{B9A05338-DB82-41BB-8E05-891E90B1DF1F}.Release|x64.ActiveCfg = Release|Any CPU
		{B9A05338-DB82-41BB-8E05-891E90B1DF1F}.Release|x64.Build.0 = Release|Any CPU
		{B9A05338-DB82-41BB-8E05-891E90B1DF1F}.Release|x86.ActiveCfg = Release|Any CPU
		{B9A05338-DB82-41BB-8E05-891E90B1DF1F}.Release|x86.Build.0 = Release|Any CPU
		{B4D89CBB-5C6F-4525-98D1-4B202D6C50AE}.Debug|Any CPU.ActiveCfg = Debug|Any CPU
		{B4D89CBB-5C6F-4525-98D1-4B202D6C50AE}.Debug|Any CPU.Build.0 = Debug|Any CPU
		{B4D89CBB-5C6F-4525-98D1-4B202D6C50AE}.Debug|x64.ActiveCfg = Debug|Any CPU
		{B4D89CBB-5C6F-4525-98D1-4B202D6C50AE}.Debug|x64.Build.0 = Debug|Any CPU
		{B4D89CBB-5C6F-4525-98D1-4B202D6C50AE}.Debug|x86.ActiveCfg = Debug|Any CPU
		{B4D89CBB-5C6F-4525-98D1-4B202D6C50AE}.Debug|x86.Build.0 = Debug|Any CPU
		{B4D89CBB-5C6F-4525-98D1-4B202D6C50AE}.Release|Any CPU.ActiveCfg = Release|Any CPU
		{B4D89CBB-5C6F-4525-98D1-4B202D6C50AE}.Release|Any CPU.Build.0 = Release|Any CPU
		{B4D89CBB-5C6F-4525-98D1-4B202D6C50AE}.Release|x64.ActiveCfg = Release|Any CPU
		{B4D89CBB-5C6F-4525-98D1-4B202D6C50AE}.Release|x64.Build.0 = Release|Any CPU
		{B4D89CBB-5C6F-4525-98D1-4B202D6C50AE}.Release|x86.ActiveCfg = Release|Any CPU
		{B4D89CBB-5C6F-4525-98D1-4B202D6C50AE}.Release|x86.Build.0 = Release|Any CPU
		{FE058C4B-4D35-4D1E-B165-71C1B6920C17}.Debug|Any CPU.ActiveCfg = Debug|Any CPU
		{FE058C4B-4D35-4D1E-B165-71C1B6920C17}.Debug|Any CPU.Build.0 = Debug|Any CPU
		{FE058C4B-4D35-4D1E-B165-71C1B6920C17}.Debug|x64.ActiveCfg = Debug|Any CPU
		{FE058C4B-4D35-4D1E-B165-71C1B6920C17}.Debug|x64.Build.0 = Debug|Any CPU
		{FE058C4B-4D35-4D1E-B165-71C1B6920C17}.Debug|x86.ActiveCfg = Debug|Any CPU
		{FE058C4B-4D35-4D1E-B165-71C1B6920C17}.Debug|x86.Build.0 = Debug|Any CPU
		{FE058C4B-4D35-4D1E-B165-71C1B6920C17}.Release|Any CPU.ActiveCfg = Release|Any CPU
		{FE058C4B-4D35-4D1E-B165-71C1B6920C17}.Release|Any CPU.Build.0 = Release|Any CPU
		{FE058C4B-4D35-4D1E-B165-71C1B6920C17}.Release|x64.ActiveCfg = Release|Any CPU
		{FE058C4B-4D35-4D1E-B165-71C1B6920C17}.Release|x64.Build.0 = Release|Any CPU
		{FE058C4B-4D35-4D1E-B165-71C1B6920C17}.Release|x86.ActiveCfg = Release|Any CPU
		{FE058C4B-4D35-4D1E-B165-71C1B6920C17}.Release|x86.Build.0 = Release|Any CPU
		{2A77AF62-F7B4-4AD1-8714-CA60FE3F073D}.Debug|Any CPU.ActiveCfg = Debug|Any CPU
		{2A77AF62-F7B4-4AD1-8714-CA60FE3F073D}.Debug|Any CPU.Build.0 = Debug|Any CPU
		{2A77AF62-F7B4-4AD1-8714-CA60FE3F073D}.Debug|x64.ActiveCfg = Debug|Any CPU
		{2A77AF62-F7B4-4AD1-8714-CA60FE3F073D}.Debug|x64.Build.0 = Debug|Any CPU
		{2A77AF62-F7B4-4AD1-8714-CA60FE3F073D}.Debug|x86.ActiveCfg = Debug|Any CPU
		{2A77AF62-F7B4-4AD1-8714-CA60FE3F073D}.Debug|x86.Build.0 = Debug|Any CPU
		{2A77AF62-F7B4-4AD1-8714-CA60FE3F073D}.Release|Any CPU.ActiveCfg = Release|Any CPU
		{2A77AF62-F7B4-4AD1-8714-CA60FE3F073D}.Release|Any CPU.Build.0 = Release|Any CPU
		{2A77AF62-F7B4-4AD1-8714-CA60FE3F073D}.Release|x64.ActiveCfg = Release|Any CPU
		{2A77AF62-F7B4-4AD1-8714-CA60FE3F073D}.Release|x64.Build.0 = Release|Any CPU
		{2A77AF62-F7B4-4AD1-8714-CA60FE3F073D}.Release|x86.ActiveCfg = Release|Any CPU
		{2A77AF62-F7B4-4AD1-8714-CA60FE3F073D}.Release|x86.Build.0 = Release|Any CPU
		{6C4BA7CE-574D-4100-909F-0ECD1FB1E678}.Debug|Any CPU.ActiveCfg = Debug|Any CPU
		{6C4BA7CE-574D-4100-909F-0ECD1FB1E678}.Debug|Any CPU.Build.0 = Debug|Any CPU
		{6C4BA7CE-574D-4100-909F-0ECD1FB1E678}.Debug|x64.ActiveCfg = Debug|Any CPU
		{6C4BA7CE-574D-4100-909F-0ECD1FB1E678}.Debug|x64.Build.0 = Debug|Any CPU
		{6C4BA7CE-574D-4100-909F-0ECD1FB1E678}.Debug|x86.ActiveCfg = Debug|Any CPU
		{6C4BA7CE-574D-4100-909F-0ECD1FB1E678}.Debug|x86.Build.0 = Debug|Any CPU
		{6C4BA7CE-574D-4100-909F-0ECD1FB1E678}.Release|Any CPU.ActiveCfg = Release|Any CPU
		{6C4BA7CE-574D-4100-909F-0ECD1FB1E678}.Release|Any CPU.Build.0 = Release|Any CPU
		{6C4BA7CE-574D-4100-909F-0ECD1FB1E678}.Release|x64.ActiveCfg = Release|Any CPU
		{6C4BA7CE-574D-4100-909F-0ECD1FB1E678}.Release|x64.Build.0 = Release|Any CPU
		{6C4BA7CE-574D-4100-909F-0ECD1FB1E678}.Release|x86.ActiveCfg = Release|Any CPU
		{6C4BA7CE-574D-4100-909F-0ECD1FB1E678}.Release|x86.Build.0 = Release|Any CPU
		{D9A766BC-6345-4503-8503-830352CB905C}.Debug|Any CPU.ActiveCfg = Debug|Any CPU
		{D9A766BC-6345-4503-8503-830352CB905C}.Debug|Any CPU.Build.0 = Debug|Any CPU
		{D9A766BC-6345-4503-8503-830352CB905C}.Debug|x64.ActiveCfg = Debug|Any CPU
		{D9A766BC-6345-4503-8503-830352CB905C}.Debug|x64.Build.0 = Debug|Any CPU
		{D9A766BC-6345-4503-8503-830352CB905C}.Debug|x86.ActiveCfg = Debug|Any CPU
		{D9A766BC-6345-4503-8503-830352CB905C}.Debug|x86.Build.0 = Debug|Any CPU
		{D9A766BC-6345-4503-8503-830352CB905C}.Release|Any CPU.ActiveCfg = Release|Any CPU
		{D9A766BC-6345-4503-8503-830352CB905C}.Release|Any CPU.Build.0 = Release|Any CPU
		{D9A766BC-6345-4503-8503-830352CB905C}.Release|x64.ActiveCfg = Release|Any CPU
		{D9A766BC-6345-4503-8503-830352CB905C}.Release|x64.Build.0 = Release|Any CPU
		{D9A766BC-6345-4503-8503-830352CB905C}.Release|x86.ActiveCfg = Release|Any CPU
		{D9A766BC-6345-4503-8503-830352CB905C}.Release|x86.Build.0 = Release|Any CPU
	EndGlobalSection
	GlobalSection(SolutionProperties) = preSolution
		HideSolutionNode = FALSE
	EndGlobalSection
	GlobalSection(NestedProjects) = preSolution
		{58B7386D-6F64-46C9-BF2E-22DC4F89949A} = {062BE484-55A1-4C7E-AD82-BE80D9ED61AF}
		{C75FF6F6-4FC9-4457-84BD-83579C210AE8} = {062BE484-55A1-4C7E-AD82-BE80D9ED61AF}
		{B9A05338-DB82-41BB-8E05-891E90B1DF1F} = {062BE484-55A1-4C7E-AD82-BE80D9ED61AF}
		{B4D89CBB-5C6F-4525-98D1-4B202D6C50AE} = {16C5F5DC-3562-43D1-B74D-756011A26D13}
		{FE058C4B-4D35-4D1E-B165-71C1B6920C17} = {16C5F5DC-3562-43D1-B74D-756011A26D13}
		{2A77AF62-F7B4-4AD1-8714-CA60FE3F073D} = {062BE484-55A1-4C7E-AD82-BE80D9ED61AF}
		{6C4BA7CE-574D-4100-909F-0ECD1FB1E678} = {16C5F5DC-3562-43D1-B74D-756011A26D13}
	EndGlobalSection
	GlobalSection(ExtensibilityGlobals) = postSolution
		SolutionGuid = {D0B1F6F9-C5C0-4A60-A230-3A2732A1B6AA}
	EndGlobalSection
EndGlobal
